// !$*UTF8*$!
{
	archiveVersion = 1;
	classes = {
	};
	objectVersion = 77;
	objects = {

/* Begin PBXContainerItemProxy section */
		DC310A8D2C996F4600B50C0A /* PBXContainerItemProxy */ = {
			isa = PBXContainerItemProxy;
			containerPortal = DC310A6E2C996F4500B50C0A /* Project object */;
			proxyType = 1;
			remoteGlobalIDString = DC310A752C996F4500B50C0A;
			remoteInfo = TurkcellNavigation;
		};
		DC310A972C996F4600B50C0A /* PBXContainerItemProxy */ = {
			isa = PBXContainerItemProxy;
			containerPortal = DC310A6E2C996F4500B50C0A /* Project object */;
			proxyType = 1;
			remoteGlobalIDString = DC310A752C996F4500B50C0A;
			remoteInfo = TurkcellNavigation;
		};
/* End PBXContainerItemProxy section */

/* Begin PBXFileReference section */
		DC310A762C996F4500B50C0A /* TurkcellNavigation.app */ = {isa = PBXFileReference; explicitFileType = wrapper.application; includeInIndex = 0; path = TurkcellNavigation.app; sourceTree = BUILT_PRODUCTS_DIR; };
		DC310A8C2C996F4600B50C0A /* TurkcellNavigationTests.xctest */ = {isa = PBXFileReference; explicitFileType = wrapper.cfbundle; includeInIndex = 0; path = TurkcellNavigationTests.xctest; sourceTree = BUILT_PRODUCTS_DIR; };
		DC310A962C996F4600B50C0A /* TurkcellNavigationUITests.xctest */ = {isa = PBXFileReference; explicitFileType = wrapper.cfbundle; includeInIndex = 0; path = TurkcellNavigationUITests.xctest; sourceTree = BUILT_PRODUCTS_DIR; };
/* End PBXFileReference section */

/* Begin PBXFileSystemSynchronizedBuildFileExceptionSet section */
		DC310A9E2C996F4600B50C0A /* Exceptions for "TurkcellNavigation" folder in "TurkcellNavigation" target */ = {
			isa = PBXFileSystemSynchronizedBuildFileExceptionSet;
			membershipExceptions = (
				Info.plist,
			);
			target = DC310A752C996F4500B50C0A /* TurkcellNavigation */;
		};
/* End PBXFileSystemSynchronizedBuildFileExceptionSet section */

/* Begin PBXFileSystemSynchronizedRootGroup section */
		DC310A782C996F4500B50C0A /* TurkcellNavigation */ = {
			isa = PBXFileSystemSynchronizedRootGroup;
			exceptions = (
				DC310A9E2C996F4600B50C0A /* Exceptions for "TurkcellNavigation" folder in "TurkcellNavigation" target */,
			);
			path = TurkcellNavigation;
			sourceTree = "<group>";
		};
		DC310A8F2C996F4600B50C0A /* TurkcellNavigationTests */ = {
			isa = PBXFileSystemSynchronizedRootGroup;
			path = TurkcellNavigationTests;
			sourceTree = "<group>";
		};
		DC310A992C996F4600B50C0A /* TurkcellNavigationUITests */ = {
			isa = PBXFileSystemSynchronizedRootGroup;
			path = TurkcellNavigationUITests;
			sourceTree = "<group>";
		};
/* End PBXFileSystemSynchronizedRootGroup section */

/* Begin PBXFrameworksBuildPhase section */
		DC310A732C996F4500B50C0A /* Frameworks */ = {
			isa = PBXFrameworksBuildPhase;
			buildActionMask = 2147483647;
			files = (
			);
			runOnlyForDeploymentPostprocessing = 0;
		};
		DC310A892C996F4600B50C0A /* Frameworks */ = {
			isa = PBXFrameworksBuildPhase;
			buildActionMask = 2147483647;
			files = (
			);
			runOnlyForDeploymentPostprocessing = 0;
		};
		DC310A932C996F4600B50C0A /* Frameworks */ = {
			isa = PBXFrameworksBuildPhase;
			buildActionMask = 2147483647;
			files = (
			);
			runOnlyForDeploymentPostprocessing = 0;
		};
/* End PBXFrameworksBuildPhase section */

/* Begin PBXGroup section */
		DC310A6D2C996F4500B50C0A = {
			isa = PBXGroup;
			children = (
				DC310A782C996F4500B50C0A /* TurkcellNavigation */,
				DC310A8F2C996F4600B50C0A /* TurkcellNavigationTests */,
				DC310A992C996F4600B50C0A /* TurkcellNavigationUITests */,
				DC310A772C996F4500B50C0A /* Products */,
			);
			sourceTree = "<group>";
		};
		DC310A772C996F4500B50C0A /* Products */ = {
			isa = PBXGroup;
			children = (
				DC310A762C996F4500B50C0A /* TurkcellNavigation.app */,
				DC310A8C2C996F4600B50C0A /* TurkcellNavigationTests.xctest */,
				DC310A962C996F4600B50C0A /* TurkcellNavigationUITests.xctest */,
			);
			name = Products;
			sourceTree = "<group>";
		};
/* End PBXGroup section */

/* Begin PBXNativeTarget section */
		DC310A752C996F4500B50C0A /* TurkcellNavigation */ = {
			isa = PBXNativeTarget;
			buildConfigurationList = DC310A9F2C996F4600B50C0A /* Build configuration list for PBXNativeTarget "TurkcellNavigation" */;
			buildPhases = (
				DC310A722C996F4500B50C0A /* Sources */,
				DC310A732C996F4500B50C0A /* Frameworks */,
				DC310A742C996F4500B50C0A /* Resources */,
			);
			buildRules = (
			);
			dependencies = (
			);
			fileSystemSynchronizedGroups = (
				DC310A782C996F4500B50C0A /* TurkcellNavigation */,
			);
			name = TurkcellNavigation;
			packageProductDependencies = (
			);
			productName = TurkcellNavigation;
			productReference = DC310A762C996F4500B50C0A /* TurkcellNavigation.app */;
			productType = "com.apple.product-type.application";
		};
		DC310A8B2C996F4600B50C0A /* TurkcellNavigationTests */ = {
			isa = PBXNativeTarget;
			buildConfigurationList = DC310AA42C996F4600B50C0A /* Build configuration list for PBXNativeTarget "TurkcellNavigationTests" */;
			buildPhases = (
				DC310A882C996F4600B50C0A /* Sources */,
				DC310A892C996F4600B50C0A /* Frameworks */,
				DC310A8A2C996F4600B50C0A /* Resources */,
			);
			buildRules = (
			);
			dependencies = (
				DC310A8E2C996F4600B50C0A /* PBXTargetDependency */,
			);
			fileSystemSynchronizedGroups = (
				DC310A8F2C996F4600B50C0A /* TurkcellNavigationTests */,
			);
			name = TurkcellNavigationTests;
			packageProductDependencies = (
			);
			productName = TurkcellNavigationTests;
			productReference = DC310A8C2C996F4600B50C0A /* TurkcellNavigationTests.xctest */;
			productType = "com.apple.product-type.bundle.unit-test";
		};
		DC310A952C996F4600B50C0A /* TurkcellNavigationUITests */ = {
			isa = PBXNativeTarget;
			buildConfigurationList = DC310AA72C996F4600B50C0A /* Build configuration list for PBXNativeTarget "TurkcellNavigationUITests" */;
			buildPhases = (
				DC310A922C996F4600B50C0A /* Sources */,
				DC310A932C996F4600B50C0A /* Frameworks */,
				DC310A942C996F4600B50C0A /* Resources */,
			);
			buildRules = (
			);
			dependencies = (
				DC310A982C996F4600B50C0A /* PBXTargetDependency */,
			);
			fileSystemSynchronizedGroups = (
				DC310A992C996F4600B50C0A /* TurkcellNavigationUITests */,
			);
			name = TurkcellNavigationUITests;
			packageProductDependencies = (
			);
			productName = TurkcellNavigationUITests;
			productReference = DC310A962C996F4600B50C0A /* TurkcellNavigationUITests.xctest */;
			productType = "com.apple.product-type.bundle.ui-testing";
		};
/* End PBXNativeTarget section */

/* Begin PBXProject section */
		DC310A6E2C996F4500B50C0A /* Project object */ = {
			isa = PBXProject;
			attributes = {
				BuildIndependentTargetsInParallel = 1;
				LastSwiftUpdateCheck = 1600;
				LastUpgradeCheck = 1600;
				TargetAttributes = {
					DC310A752C996F4500B50C0A = {
						CreatedOnToolsVersion = 16.0;
					};
					DC310A8B2C996F4600B50C0A = {
						CreatedOnToolsVersion = 16.0;
						TestTargetID = DC310A752C996F4500B50C0A;
					};
					DC310A952C996F4600B50C0A = {
						CreatedOnToolsVersion = 16.0;
						TestTargetID = DC310A752C996F4500B50C0A;
					};
				};
			};
			buildConfigurationList = DC310A712C996F4500B50C0A /* Build configuration list for PBXProject "TurkcellNavigation" */;
			developmentRegion = en;
			hasScannedForEncodings = 0;
			knownRegions = (
				en,
				Base,
			);
			mainGroup = DC310A6D2C996F4500B50C0A;
			minimizedProjectReferenceProxies = 1;
			preferredProjectObjectVersion = 77;
			productRefGroup = DC310A772C996F4500B50C0A /* Products */;
			projectDirPath = "";
			projectRoot = "";
			targets = (
				DC310A752C996F4500B50C0A /* TurkcellNavigation */,
				DC310A8B2C996F4600B50C0A /* TurkcellNavigationTests */,
				DC310A952C996F4600B50C0A /* TurkcellNavigationUITests */,
			);
		};
/* End PBXProject section */

/* Begin PBXResourcesBuildPhase section */
		DC310A742C996F4500B50C0A /* Resources */ = {
			isa = PBXResourcesBuildPhase;
			buildActionMask = 2147483647;
			files = (
			);
			runOnlyForDeploymentPostprocessing = 0;
		};
		DC310A8A2C996F4600B50C0A /* Resources */ = {
			isa = PBXResourcesBuildPhase;
			buildActionMask = 2147483647;
			files = (
			);
			runOnlyForDeploymentPostprocessing = 0;
		};
		DC310A942C996F4600B50C0A /* Resources */ = {
			isa = PBXResourcesBuildPhase;
			buildActionMask = 2147483647;
			files = (
			);
			runOnlyForDeploymentPostprocessing = 0;
		};
/* End PBXResourcesBuildPhase section */

/* Begin PBXSourcesBuildPhase section */
		DC310A722C996F4500B50C0A /* Sources */ = {
			isa = PBXSourcesBuildPhase;
			buildActionMask = 2147483647;
			files = (
			);
			runOnlyForDeploymentPostprocessing = 0;
		};
		DC310A882C996F4600B50C0A /* Sources */ = {
			isa = PBXSourcesBuildPhase;
			buildActionMask = 2147483647;
			files = (
			);
			runOnlyForDeploymentPostprocessing = 0;
		};
		DC310A922C996F4600B50C0A /* Sources */ = {
			isa = PBXSourcesBuildPhase;
			buildActionMask = 2147483647;
			files = (
			);
			runOnlyForDeploymentPostprocessing = 0;
		};
/* End PBXSourcesBuildPhase section */

/* Begin PBXTargetDependency section */
		DC310A8E2C996F4600B50C0A /* PBXTargetDependency */ = {
			isa = PBXTargetDependency;
			target = DC310A752C996F4500B50C0A /* TurkcellNavigation */;
			targetProxy = DC310A8D2C996F4600B50C0A /* PBXContainerItemProxy */;
		};
		DC310A982C996F4600B50C0A /* PBXTargetDependency */ = {
			isa = PBXTargetDependency;
			target = DC310A752C996F4500B50C0A /* TurkcellNavigation */;
			targetProxy = DC310A972C996F4600B50C0A /* PBXContainerItemProxy */;
		};
/* End PBXTargetDependency section */

/* Begin XCBuildConfiguration section */
		DC310AA02C996F4600B50C0A /* Debug */ = {
			isa = XCBuildConfiguration;
			buildSettings = {
				ASSETCATALOG_COMPILER_APPICON_NAME = AppIcon;
				ASSETCATALOG_COMPILER_GLOBAL_ACCENT_COLOR_NAME = AccentColor;
				CODE_SIGN_STYLE = Automatic;
				CURRENT_PROJECT_VERSION = 1;
				DEVELOPMENT_TEAM = Y7653CXCKR;
				GENERATE_INFOPLIST_FILE = YES;
				INFOPLIST_FILE = TurkcellNavigation/Info.plist;
				INFOPLIST_KEY_UIApplicationSupportsIndirectInputEvents = YES;
				INFOPLIST_KEY_UILaunchStoryboardName = LaunchScreen;
				INFOPLIST_KEY_UIMainStoryboardFile = Main;
				INFOPLIST_KEY_UISupportedInterfaceOrientations_iPad = "UIInterfaceOrientationPortrait UIInterfaceOrientationPortraitUpsideDown UIInterfaceOrientationLandscapeLeft UIInterfaceOrientationLandscapeRight";
				INFOPLIST_KEY_UISupportedInterfaceOrientations_iPhone = "UIInterfaceOrientationPortrait UIInterfaceOrientationLandscapeLeft UIInterfaceOrientationLandscapeRight";
				LD_RUNPATH_SEARCH_PATHS = (
					"$(inherited)",
					"@executable_path/Frameworks",
				);
				MARKETING_VERSION = 1.0;
				PRODUCT_BUNDLE_IDENTIFIER = com.turkcell.TurkcellNavigation;
				PRODUCT_NAME = "$(TARGET_NAME)";
				SWIFT_EMIT_LOC_STRINGS = YES;
				SWIFT_VERSION = 5.0;
				TARGETED_DEVICE_FAMILY = "1,2";
			};
			name = Debug;
		};
		DC310AA12C996F4600B50C0A /* Release */ = {
			isa = XCBuildConfiguration;
			buildSettings = {
				ASSETCATALOG_COMPILER_APPICON_NAME = AppIcon;
				ASSETCATALOG_COMPILER_GLOBAL_ACCENT_COLOR_NAME = AccentColor;
				CODE_SIGN_STYLE = Automatic;
				CURRENT_PROJECT_VERSION = 1;
				DEVELOPMENT_TEAM = Y7653CXCKR;
				GENERATE_INFOPLIST_FILE = YES;
				INFOPLIST_FILE = TurkcellNavigation/Info.plist;
				INFOPLIST_KEY_UIApplicationSupportsIndirectInputEvents = YES;
				INFOPLIST_KEY_UILaunchStoryboardName = LaunchScreen;
				INFOPLIST_KEY_UIMainStoryboardFile = Main;
				INFOPLIST_KEY_UISupportedInterfaceOrientations_iPad = "UIInterfaceOrientationPortrait UIInterfaceOrientationPortraitUpsideDown UIInterfaceOrientationLandscapeLeft UIInterfaceOrientationLandscapeRight";
				INFOPLIST_KEY_UISupportedInterfaceOrientations_iPhone = "UIInterfaceOrientationPortrait UIInterfaceOrientationLandscapeLeft UIInterfaceOrientationLandscapeRight";
				LD_RUNPATH_SEARCH_PATHS = (
					"$(inherited)",
					"@executable_path/Frameworks",
				);
				MARKETING_VERSION = 1.0;
				PRODUCT_BUNDLE_IDENTIFIER = com.turkcell.TurkcellNavigation;
				PRODUCT_NAME = "$(TARGET_NAME)";
				SWIFT_EMIT_LOC_STRINGS = YES;
				SWIFT_VERSION = 5.0;
				TARGETED_DEVICE_FAMILY = "1,2";
			};
			name = Release;
		};
		DC310AA22C996F4600B50C0A /* Debug */ = {
			isa = XCBuildConfiguration;
			buildSettings = {
				ALWAYS_SEARCH_USER_PATHS = NO;
				ASSETCATALOG_COMPILER_GENERATE_SWIFT_ASSET_SYMBOL_EXTENSIONS = YES;
				CLANG_ANALYZER_NONNULL = YES;
				CLANG_ANALYZER_NUMBER_OBJECT_CONVERSION = YES_AGGRESSIVE;
				CLANG_CXX_LANGUAGE_STANDARD = "gnu++20";
				CLANG_ENABLE_MODULES = YES;
				CLANG_ENABLE_OBJC_ARC = YES;
				CLANG_ENABLE_OBJC_WEAK = YES;
				CLANG_WARN_BLOCK_CAPTURE_AUTORELEASING = YES;
				CLANG_WARN_BOOL_CONVERSION = YES;
				CLANG_WARN_COMMA = YES;
				CLANG_WARN_CONSTANT_CONVERSION = YES;
				CLANG_WARN_DEPRECATED_OBJC_IMPLEMENTATIONS = YES;
				CLANG_WARN_DIRECT_OBJC_ISA_USAGE = YES_ERROR;
				CLANG_WARN_DOCUMENTATION_COMMENTS = YES;
				CLANG_WARN_EMPTY_BODY = YES;
				CLANG_WARN_ENUM_CONVERSION = YES;
				CLANG_WARN_INFINITE_RECURSION = YES;
				CLANG_WARN_INT_CONVERSION = YES;
				CLANG_WARN_NON_LITERAL_NULL_CONVERSION = YES;
				CLANG_WARN_OBJC_IMPLICIT_RETAIN_SELF = YES;
				CLANG_WARN_OBJC_LITERAL_CONVERSION = YES;
				CLANG_WARN_OBJC_ROOT_CLASS = YES_ERROR;
				CLANG_WARN_QUOTED_INCLUDE_IN_FRAMEWORK_HEADER = YES;
				CLANG_WARN_RANGE_LOOP_ANALYSIS = YES;
				CLANG_WARN_STRICT_PROTOTYPES = YES;
				CLANG_WARN_SUSPICIOUS_MOVE = YES;
				CLANG_WARN_UNGUARDED_AVAILABILITY = YES_AGGRESSIVE;
				CLANG_WARN_UNREACHABLE_CODE = YES;
				CLANG_WARN__DUPLICATE_METHOD_MATCH = YES;
				COPY_PHASE_STRIP = NO;
				DEBUG_INFORMATION_FORMAT = dwarf;
				ENABLE_STRICT_OBJC_MSGSEND = YES;
				ENABLE_TESTABILITY = YES;
				ENABLE_USER_SCRIPT_SANDBOXING = YES;
				GCC_C_LANGUAGE_STANDARD = gnu17;
				GCC_DYNAMIC_NO_PIC = NO;
				GCC_NO_COMMON_BLOCKS = YES;
				GCC_OPTIMIZATION_LEVEL = 0;
				GCC_PREPROCESSOR_DEFINITIONS = (
					"DEBUG=1",
					"$(inherited)",
				);
				GCC_WARN_64_TO_32_BIT_CONVERSION = YES;
				GCC_WARN_ABOUT_RETURN_TYPE = YES_ERROR;
				GCC_WARN_UNDECLARED_SELECTOR = YES;
				GCC_WARN_UNINITIALIZED_AUTOS = YES_AGGRESSIVE;
				GCC_WARN_UNUSED_FUNCTION = YES;
				GCC_WARN_UNUSED_VARIABLE = YES;
				IPHONEOS_DEPLOYMENT_TARGET = 18.0;
				LOCALIZATION_PREFERS_STRING_CATALOGS = YES;
				MTL_ENABLE_DEBUG_INFO = INCLUDE_SOURCE;
				MTL_FAST_MATH = YES;
				ONLY_ACTIVE_ARCH = YES;
				SDKROOT = iphoneos;
				SWIFT_ACTIVE_COMPILATION_CONDITIONS = "DEBUG $(inherited)";
				SWIFT_OPTIMIZATION_LEVEL = "-Onone";
			};
			name = Debug;
		};
		DC310AA32C996F4600B50C0A /* Release */ = {
			isa = XCBuildConfiguration;
			buildSettings = {
				ALWAYS_SEARCH_USER_PATHS = NO;
				ASSETCATALOG_COMPILER_GENERATE_SWIFT_ASSET_SYMBOL_EXTENSIONS = YES;
				CLANG_ANALYZER_NONNULL = YES;
				CLANG_ANALYZER_NUMBER_OBJECT_CONVERSION = YES_AGGRESSIVE;
				CLANG_CXX_LANGUAGE_STANDARD = "gnu++20";
				CLANG_ENABLE_MODULES = YES;
				CLANG_ENABLE_OBJC_ARC = YES;
				CLANG_ENABLE_OBJC_WEAK = YES;
				CLANG_WARN_BLOCK_CAPTURE_AUTORELEASING = YES;
				CLANG_WARN_BOOL_CONVERSION = YES;
				CLANG_WARN_COMMA = YES;
				CLANG_WARN_CONSTANT_CONVERSION = YES;
				CLANG_WARN_DEPRECATED_OBJC_IMPLEMENTATIONS = YES;
				CLANG_WARN_DIRECT_OBJC_ISA_USAGE = YES_ERROR;
				CLANG_WARN_DOCUMENTATION_COMMENTS = YES;
				CLANG_WARN_EMPTY_BODY = YES;
				CLANG_WARN_ENUM_CONVERSION = YES;
				CLANG_WARN_INFINITE_RECURSION = YES;
				CLANG_WARN_INT_CONVERSION = YES;
				CLANG_WARN_NON_LITERAL_NULL_CONVERSION = YES;
				CLANG_WARN_OBJC_IMPLICIT_RETAIN_SELF = YES;
				CLANG_WARN_OBJC_LITERAL_CONVERSION = YES;
				CLANG_WARN_OBJC_ROOT_CLASS = YES_ERROR;
				CLANG_WARN_QUOTED_INCLUDE_IN_FRAMEWORK_HEADER = YES;
				CLANG_WARN_RANGE_LOOP_ANALYSIS = YES;
				CLANG_WARN_STRICT_PROTOTYPES = YES;
				CLANG_WARN_SUSPICIOUS_MOVE = YES;
				CLANG_WARN_UNGUARDED_AVAILABILITY = YES_AGGRESSIVE;
				CLANG_WARN_UNREACHABLE_CODE = YES;
				CLANG_WARN__DUPLICATE_METHOD_MATCH = YES;
				COPY_PHASE_STRIP = NO;
				DEBUG_INFORMATION_FORMAT = "dwarf-with-dsym";
				ENABLE_NS_ASSERTIONS = NO;
				ENABLE_STRICT_OBJC_MSGSEND = YES;
				ENABLE_USER_SCRIPT_SANDBOXING = YES;
				GCC_C_LANGUAGE_STANDARD = gnu17;
				GCC_NO_COMMON_BLOCKS = YES;
				GCC_WARN_64_TO_32_BIT_CONVERSION = YES;
				GCC_WARN_ABOUT_RETURN_TYPE = YES_ERROR;
				GCC_WARN_UNDECLARED_SELECTOR = YES;
				GCC_WARN_UNINITIALIZED_AUTOS = YES_AGGRESSIVE;
				GCC_WARN_UNUSED_FUNCTION = YES;
				GCC_WARN_UNUSED_VARIABLE = YES;
				IPHONEOS_DEPLOYMENT_TARGET = 18.0;
				LOCALIZATION_PREFERS_STRING_CATALOGS = YES;
				MTL_ENABLE_DEBUG_INFO = NO;
				MTL_FAST_MATH = YES;
				SDKROOT = iphoneos;
				SWIFT_COMPILATION_MODE = wholemodule;
				VALIDATE_PRODUCT = YES;
			};
			name = Release;
		};
		DC310AA52C996F4600B50C0A /* Debug */ = {
			isa = XCBuildConfiguration;
			buildSettings = {
				BUNDLE_LOADER = "$(TEST_HOST)";
				CODE_SIGN_STYLE = Automatic;
				CURRENT_PROJECT_VERSION = 1;
				DEVELOPMENT_TEAM = Y7653CXCKR;
				GENERATE_INFOPLIST_FILE = YES;
				IPHONEOS_DEPLOYMENT_TARGET = 18.0;
				MARKETING_VERSION = 1.0;
				PRODUCT_BUNDLE_IDENTIFIER = com.turkcell.TurkcellNavigationTests;
				PRODUCT_NAME = "$(TARGET_NAME)";
				SWIFT_EMIT_LOC_STRINGS = NO;
				SWIFT_VERSION = 5.0;
				TARGETED_DEVICE_FAMILY = "1,2";
				TEST_HOST = "$(BUILT_PRODUCTS_DIR)/TurkcellNavigation.app/$(BUNDLE_EXECUTABLE_FOLDER_PATH)/TurkcellNavigation";
			};
			name = Debug;
		};
		DC310AA62C996F4600B50C0A /* Release */ = {
			isa = XCBuildConfiguration;
			buildSettings = {
				BUNDLE_LOADER = "$(TEST_HOST)";
				CODE_SIGN_STYLE = Automatic;
				CURRENT_PROJECT_VERSION = 1;
				DEVELOPMENT_TEAM = Y7653CXCKR;
				GENERATE_INFOPLIST_FILE = YES;
				IPHONEOS_DEPLOYMENT_TARGET = 18.0;
				MARKETING_VERSION = 1.0;
				PRODUCT_BUNDLE_IDENTIFIER = com.turkcell.TurkcellNavigationTests;
				PRODUCT_NAME = "$(TARGET_NAME)";
				SWIFT_EMIT_LOC_STRINGS = NO;
				SWIFT_VERSION = 5.0;
				TARGETED_DEVICE_FAMILY = "1,2";
				TEST_HOST = "$(BUILT_PRODUCTS_DIR)/TurkcellNavigation.app/$(BUNDLE_EXECUTABLE_FOLDER_PATH)/TurkcellNavigation";
			};
			name = Release;
		};
		DC310AA82C996F4600B50C0A /* Debug */ = {
			isa = XCBuildConfiguration;
			buildSettings = {
				CODE_SIGN_STYLE = Automatic;
				CURRENT_PROJECT_VERSION = 1;
				DEVELOPMENT_TEAM = Y7653CXCKR;
				GENERATE_INFOPLIST_FILE = YES;
				MARKETING_VERSION = 1.0;
				PRODUCT_BUNDLE_IDENTIFIER = com.turkcell.TurkcellNavigationUITests;
				PRODUCT_NAME = "$(TARGET_NAME)";
				SWIFT_EMIT_LOC_STRINGS = NO;
				SWIFT_VERSION = 5.0;
				TARGETED_DEVICE_FAMILY = "1,2";
				TEST_TARGET_NAME = TurkcellNavigation;
			};
			name = Debug;
		};
		DC310AA92C996F4600B50C0A /* Release */ = {
			isa = XCBuildConfiguration;
			buildSettings = {
				CODE_SIGN_STYLE = Automatic;
				CURRENT_PROJECT_VERSION = 1;
				DEVELOPMENT_TEAM = Y7653CXCKR;
				GENERATE_INFOPLIST_FILE = YES;
				MARKETING_VERSION = 1.0;
				PRODUCT_BUNDLE_IDENTIFIER = com.turkcell.TurkcellNavigationUITests;
				PRODUCT_NAME = "$(TARGET_NAME)";
				SWIFT_EMIT_LOC_STRINGS = NO;
				SWIFT_VERSION = 5.0;
				TARGETED_DEVICE_FAMILY = "1,2";
				TEST_TARGET_NAME = TurkcellNavigation;
			};
			name = Release;
		};
/* End XCBuildConfiguration section */

/* Begin XCConfigurationList section */
		DC310A712C996F4500B50C0A /* Build configuration list for PBXProject "TurkcellNavigation" */ = {
			isa = XCConfigurationList;
			buildConfigurations = (
				DC310AA22C996F4600B50C0A /* Debug */,
				DC310AA32C996F4600B50C0A /* Release */,
			);
			defaultConfigurationIsVisible = 0;
			defaultConfigurationName = Release;
		};
		DC310A9F2C996F4600B50C0A /* Build configuration list for PBXNativeTarget "TurkcellNavigation" */ = {
			isa = XCConfigurationList;
			buildConfigurations = (
				DC310AA02C996F4600B50C0A /* Debug */,
				DC310AA12C996F4600B50C0A /* Release */,
			);
			defaultConfigurationIsVisible = 0;
			defaultConfigurationName = Release;
		};
		DC310AA42C996F4600B50C0A /* Build configuration list for PBXNativeTarget "TurkcellNavigationTests" */ = {
			isa = XCConfigurationList;
			buildConfigurations = (
				DC310AA52C996F4600B50C0A /* Debug */,
				DC310AA62C996F4600B50C0A /* Release */,
			);
			defaultConfigurationIsVisible = 0;
			defaultConfigurationName = Release;
		};
		DC310AA72C996F4600B50C0A /* Build configuration list for PBXNativeTarget "TurkcellNavigationUITests" */ = {
			isa = XCConfigurationList;
			buildConfigurations = (
				DC310AA82C996F4600B50C0A /* Debug */,
				DC310AA92C996F4600B50C0A /* Release */,
			);
			defaultConfigurationIsVisible = 0;
			defaultConfigurationName = Release;
		};
/* End XCConfigurationList section */
	};
	rootObject = DC310A6E2C996F4500B50C0A /* Project object */;
}
